// !$*UTF8*$!
{
	archiveVersion = 1;
	classes = {
	};
	objectVersion = 77;
	objects = {

/* Begin PBXBuildFile section */
		018CD1120F44C429054D0ABB /* Assets.xcassets in Resources */ = {isa = PBXBuildFile; fileRef = E2B37C8F10F99ACFCDAA5FEA /* Assets.xcassets */; };
		01D9F95FDC89A5B9FE3A53FC /* Preview Assets.xcassets in Resources */ = {isa = PBXBuildFile; fileRef = 564A6D282AD699C3B888D20C /* Preview Assets.xcassets */; };
		0E59E2FA0FEC0CABC7F16648 /* TaskDraftViewModel.swift in Sources */ = {isa = PBXBuildFile; fileRef = E0E2EFE52B84328093AFBD4E /* TaskDraftViewModel.swift */; };
		12B56589B3D6082F812835B4 /* ButtonRounded.swift in Sources */ = {isa = PBXBuildFile; fileRef = A300827DE80B2FA2C3DB0B6D /* ButtonRounded.swift */; };
		14915DD86D0056C790282A68 /* HomeStageDraftView.swift in Sources */ = {isa = PBXBuildFile; fileRef = 726C8DCD764CBE4BE12D2BF2 /* HomeStageDraftView.swift */; };
		1C32AC5C696349C1A61376C0 /* DetailNoteDraftView.swift in Sources */ = {isa = PBXBuildFile; fileRef = 33E92E4BA01648A58D6F8A56 /* DetailNoteDraftView.swift */; };
		1D74AA5340A116C61B3F3960 /* EditGeneralDetailsCardView.swift in Sources */ = {isa = PBXBuildFile; fileRef = 3818C4037209AFB227F598C8 /* EditGeneralDetailsCardView.swift */; };
		1DE7AF632BAA3A497C5CE3B4 /* DetailView.swift in Sources */ = {isa = PBXBuildFile; fileRef = 8BED42430AEFA9F63D361711 /* DetailView.swift */; };
		1DF7621BE1ECFC5A6D36669F /* EditPhotoMode.swift in Sources */ = {isa = PBXBuildFile; fileRef = AB4DA0C5A6BAF1499011A92F /* EditPhotoMode.swift */; };
		2250DFBF65149C7F4B40B792 /* HomeNoteDraftView.swift in Sources */ = {isa = PBXBuildFile; fileRef = 0E07F18043534EFA07F817E4 /* HomeNoteDraftView.swift */; };
		277C79AA62A667A202CCE32C /* LaunchScreen.storyboard in Resources */ = {isa = PBXBuildFile; fileRef = 12CAF85A5268A247EE1A0571 /* LaunchScreen.storyboard */; };
		2B6513278C27C87A9932500B /* NavigationBar.swift in Sources */ = {isa = PBXBuildFile; fileRef = 7A2A06B891AE431F765B552F /* NavigationBar.swift */; };
		3151A560DFB75EB9D451B6AB /* PlantDetailsView.swift in Sources */ = {isa = PBXBuildFile; fileRef = AE7A2EB8C4F1A06488CC18CB /* PlantDetailsView.swift */; };
		327061D420DAFF26A215B86B /* AddPlantView.swift in Sources */ = {isa = PBXBuildFile; fileRef = A28B3D621922EAB133C2D48B /* AddPlantView.swift */; };
		349E3B19BCA70730E7D37EC2 /* CategoryOptionCard.swift in Sources */ = {isa = PBXBuildFile; fileRef = 466CBE5E5F8A10D0D5D2BDBD /* CategoryOptionCard.swift */; };
		3621159740D9EE028934C5ED /* TabItemsPreferenceKey.swift in Sources */ = {isa = PBXBuildFile; fileRef = E220B7457E183933B5AB4279 /* TabItemsPreferenceKey.swift */; };
		36CD804E8A644654BC98F99E /* DetailStageDraftView.swift in Sources */ = {isa = PBXBuildFile; fileRef = 4D8D42CD598841379F76874C /* DetailStageDraftView.swift */; };
		416D910E919ABD7BBD95E555 /* UINavigationController.swift in Sources */ = {isa = PBXBuildFile; fileRef = FD3FFD5CEE1F2D7E29B56184 /* UINavigationController.swift */; };
		4362592B8DEA282E77FDF1C2 /* TextInput.swift in Sources */ = {isa = PBXBuildFile; fileRef = 1C66A088B86EF0E49ABB7918 /* TextInput.swift */; };
		46182A61E4DDE6E42FE17B72 /* Note+Extension.swift in Sources */ = {isa = PBXBuildFile; fileRef = 7BB5F00F8B21E39605A48C3E /* Note+Extension.swift */; };
		503DE72DBEF0212E618BEACE /* ButtonPillRow.swift in Sources */ = {isa = PBXBuildFile; fileRef = A44140BC85C6AB182525F177 /* ButtonPillRow.swift */; };
		57081C20FEB9532316C23448 /* EventCardView.swift in Sources */ = {isa = PBXBuildFile; fileRef = 94455A82AF037A51C83AD3A8 /* EventCardView.swift */; };
		61335FBE8800E6798FC2FBE5 /* TaskCategory+Extension.swift in Sources */ = {isa = PBXBuildFile; fileRef = 647D943BE97AA414007F7F78 /* TaskCategory+Extension.swift */; };
		69F50C7C594A6B04CF44B7AC /* TasksViewModel.swift in Sources */ = {isa = PBXBuildFile; fileRef = 6BDCD832D948758DC741774E /* TasksViewModel.swift */; };
		6E0300D18EE91659D1A90C33 /* Color.swift in Sources */ = {isa = PBXBuildFile; fileRef = 7E95564F37D62A5B9091D218 /* Color.swift */; };
		70ECC82F5F7EC7CF88467785 /* HomePhotoDraftView.swift in Sources */ = {isa = PBXBuildFile; fileRef = 7EE9D5F620BF0E12BE32AF25 /* HomePhotoDraftView.swift */; };
		7D80A33AD8FFBD2B415BEADF /* Font.swift in Sources */ = {isa = PBXBuildFile; fileRef = 0A343B8E421DD034B26FE09A /* Font.swift */; };
		7F01C05747412EB94D60D1F2 /* HomeViewModel.swift in Sources */ = {isa = PBXBuildFile; fileRef = F1920E721692FD05B73296A0 /* HomeViewModel.swift */; };
		8190D826408CC9B6EE206E9E /* StageOptionsList.swift in Sources */ = {isa = PBXBuildFile; fileRef = 37B8F1867215E153538B3752 /* StageOptionsList.swift */; };
		87CA043560D85CDD262E7BB1 /* Task+Extension.swift in Sources */ = {isa = PBXBuildFile; fileRef = 76D312403CF4E714898275E1 /* Task+Extension.swift */; };
		890B410EE137FCC50A49B702 /* FileManager.swift in Sources */ = {isa = PBXBuildFile; fileRef = 7AD2515C4585A4C4577F542D /* FileManager.swift */; };
		8CBC93DD72E24BD2AD8C6EDE /* ImagePickerService.swift in Sources */ = {isa = PBXBuildFile; fileRef = 63E3419F362AEED07E36F730 /* ImagePickerService.swift */; };
		8FBEE536D07BC5A4EF240EA8 /* Event+Extension.swift in Sources */ = {isa = PBXBuildFile; fileRef = B6E673746A0BCBB64ADB1734 /* Event+Extension.swift */; };
		91EF01EB0D5306716F71F4C0 /* ButtonCircle.swift in Sources */ = {isa = PBXBuildFile; fileRef = 21C42A8C5279395C14DF98B2 /* ButtonCircle.swift */; };
		9434DBBE5FB9B01A4ECE5B20 /* CategorySelectionView.swift in Sources */ = {isa = PBXBuildFile; fileRef = 45E087333AE7E55B4D7D534D /* CategorySelectionView.swift */; };
		9519E819325C05F48420086F /* Date.swift in Sources */ = {isa = PBXBuildFile; fileRef = ACEC77A6AC2EE7CAA50E3909 /* Date.swift */; };
		96111579BF816CC6E185C383 /* Handjet-Medium.ttf in Resources */ = {isa = PBXBuildFile; fileRef = A8DB8917BB29AA05EF8E07A7 /* Handjet-Medium.ttf */; };
		971871D2929B96739746DF72 /* StageDraftViewModel.swift in Sources */ = {isa = PBXBuildFile; fileRef = 98F128F7F9D9469693FE8FCD /* StageDraftViewModel.swift */; };
		97FE50B4A75C2A687C55FCC8 /* Handjet-ExtraBold.ttf in Resources */ = {isa = PBXBuildFile; fileRef = 7177FC809F4BBD6A9367B8A2 /* Handjet-ExtraBold.ttf */; };
		A7CFF51E21EE7AF76E7D392F /* DarkOverlay.swift in Sources */ = {isa = PBXBuildFile; fileRef = 9EFB9A135AF7129E42DA5743 /* DarkOverlay.swift */; };
		A8B6A07DEE6C521FB928D18C /* ActionMenuGroup.swift in Sources */ = {isa = PBXBuildFile; fileRef = 7584C110DC9A94EEEE619E0E /* ActionMenuGroup.swift */; };
		B07BAA0619E2CD2277DFD1C8 /* PhotoDraftViewModel.swift in Sources */ = {isa = PBXBuildFile; fileRef = BECD33E99CF2466F66057EFF /* PhotoDraftViewModel.swift */; };
		B3C1D2E4F5A6B7C8D9E0F1A2 /* PlantPickerRow.swift in Sources */ = {isa = PBXBuildFile; fileRef = C3D4E5F6A7B8C9D0E1F2A3B4 /* PlantPickerRow.swift */; };
		B41D5BC90F4A078EBE504FF3 /* PlantSelectionView.swift in Sources */ = {isa = PBXBuildFile; fileRef = CD247EC86D782FDCBCEE58B4 /* PlantSelectionView.swift */; };
		B5FB4F3C5EB73F8C7CA3B714 /* Plant+Extension.swift in Sources */ = {isa = PBXBuildFile; fileRef = 2A5BA47DDCA511A77927498E /* Plant+Extension.swift */; };
		B650291AC07E6DD2453ED531 /* SeedlingApp.swift in Sources */ = {isa = PBXBuildFile; fileRef = 018D37208FB7344A01EBA488 /* SeedlingApp.swift */; };
		BB82BBB758ABCB2DA2A4F281 /* ButtonPill.swift in Sources */ = {isa = PBXBuildFile; fileRef = E3C34B3E08959A6E2959DBEC /* ButtonPill.swift */; };
		BC7472D68C186A08291306BA /* Handjet-Regular.ttf in Resources */ = {isa = PBXBuildFile; fileRef = 2EF7E4989403FECAEA253C23 /* Handjet-Regular.ttf */; };
		BD1BC9601418C8B7F91A8E9B /* PhotoService.swift in Sources */ = {isa = PBXBuildFile; fileRef = 54D3C3FBD4980B7FC97BD502 /* PhotoService.swift */; };
		C27EF2B64F2C7FF03D6BE5CE /* EditCareRequirementsCardView.swift in Sources */ = {isa = PBXBuildFile; fileRef = EFD50B3888366B8C0D51D5A6 /* EditCareRequirementsCardView.swift */; };
		C3F54371B2B6483797891288 /* CardSelectable.swift in Sources */ = {isa = PBXBuildFile; fileRef = C21E8DF35538C8B97E0CF058 /* CardSelectable.swift */; };
		C599B683919453EFC30DDF4C /* TextPill.swift in Sources */ = {isa = PBXBuildFile; fileRef = A7FC6D00DB469AB97EE17755 /* TextPill.swift */; };
		C737EB0D55D477B899EC9F2B /* Handjet-Bold.ttf in Resources */ = {isa = PBXBuildFile; fileRef = A4123BF900508440554541D3 /* Handjet-Bold.ttf */; };
		CC168BD80E7144A12E132CED /* NoteCardView.swift in Sources */ = {isa = PBXBuildFile; fileRef = EE8EB2ACD0C0750E989B62BB /* NoteCardView.swift */; };
		CEAFB81C55BC32BD9435E1C7 /* PlantEnums.swift in Sources */ = {isa = PBXBuildFile; fileRef = 318A0F23A710FCFD0573D306 /* PlantEnums.swift */; };
		D09F8F50EAEAF76B7B473CF5 /* PlantPost.swift in Sources */ = {isa = PBXBuildFile; fileRef = A59D3AA1B2A82C8A5621A5BE /* PlantPost.swift */; };
		D10FB7F05F9E034A2752203B /* Dropdown.swift in Sources */ = {isa = PBXBuildFile; fileRef = 7E0227AA16C309D68AB22FE4 /* Dropdown.swift */; };
		D24DC20CF4DCA9A9ADD0FA56 /* DetailViewModel.swift in Sources */ = {isa = PBXBuildFile; fileRef = C5D5C49C7FE4D56BD60AEDBC /* DetailViewModel.swift */; };
		D350659DAE150CB9814AB3E0 /* TasksView.swift in Sources */ = {isa = PBXBuildFile; fileRef = CB334C8AED5F09BD635CB911 /* TasksView.swift */; };
		D4BF58C3AE50734E4D61B7E2 /* Seedling.xcdatamodeld in Sources */ = {isa = PBXBuildFile; fileRef = E5362B0D306B34628850E342 /* Seedling.xcdatamodeld */; };
		D888E57B3F057CCF52C06026 /* TaskRowView.swift in Sources */ = {isa = PBXBuildFile; fileRef = 8F2066D64820371607C7A811 /* TaskRowView.swift */; };
		DAFEAC180551359A8CB660B7 /* PlantCardView.swift in Sources */ = {isa = PBXBuildFile; fileRef = 317662488EE76AC6073D26F8 /* PlantCardView.swift */; };
		DD190FC5E3CE453A419C613B /* EditAdditionalCareNotesView.swift in Sources */ = {isa = PBXBuildFile; fileRef = 991D279A3536405BFF52D1BE /* EditAdditionalCareNotesView.swift */; };
		DF6BD114B039512347599033 /* MenuKebab.swift in Sources */ = {isa = PBXBuildFile; fileRef = C6F9A05B64A47579152B86D4 /* MenuKebab.swift */; };
		E02C375F0564DF6EC61CF70C /* TaskDraftView.swift in Sources */ = {isa = PBXBuildFile; fileRef = 598403F2A5DABACD7FB41E04 /* TaskDraftView.swift */; };
		E225413F572F21D1C29FDAC5 /* ChevronRight.swift in Sources */ = {isa = PBXBuildFile; fileRef = 4DA837D6D1E4CA7DFD3AB810 /* ChevronRight.swift */; };
		E72DE8C6337445BCF016C522 /* NoteDraftViewModel.swift in Sources */ = {isa = PBXBuildFile; fileRef = 709A81F97228FCE52706987B /* NoteDraftViewModel.swift */; };
		E931D5DB4A0DF060F424B86E /* PhotoCardView.swift in Sources */ = {isa = PBXBuildFile; fileRef = 10690ADB8C5C2B90806E9334 /* PhotoCardView.swift */; };
		EAFD339C0E267154F667715A /* CategoryCreationView.swift in Sources */ = {isa = PBXBuildFile; fileRef = AD1395143939C1965CA8BA16 /* CategoryCreationView.swift */; };
		ED1D435C09223F9F2FAE8D3F /* TaskGroupView.swift in Sources */ = {isa = PBXBuildFile; fileRef = 2D12511084921D1D72186725 /* TaskGroupView.swift */; };
		F2D1FDE7D71A96B9C43971B4 /* TextEditorInput.swift in Sources */ = {isa = PBXBuildFile; fileRef = 0AF9B83300BB6E011F27840B /* TextEditorInput.swift */; };
		F53FFDDD0CC8D2A651469279 /* PickerRow.swift in Sources */ = {isa = PBXBuildFile; fileRef = A7ACBCD69761A5AAE8A8276C /* PickerRow.swift */; };
		F5D16FCF24826D1787E03D1E /* CoreDataManager.swift in Sources */ = {isa = PBXBuildFile; fileRef = 88F3E7A47B676CD80E9BCF4E /* CoreDataManager.swift */; };
		F5E32CA0F04B4B2797420651 /* HomeView.swift in Sources */ = {isa = PBXBuildFile; fileRef = 645D92F27D7E309610182FDE /* HomeView.swift */; };
		F6F2B2D1B4DE770553A216B9 /* Photo+Extension.swift in Sources */ = {isa = PBXBuildFile; fileRef = E7894F92DD20E618AC0511DF /* Photo+Extension.swift */; };
		FCDB18CB15D24AB59DDE52DF /* DetailPhotoDraftView.swift in Sources */ = {isa = PBXBuildFile; fileRef = 2F3A6CC414DE4DB88E298413 /* DetailPhotoDraftView.swift */; };
/* End PBXBuildFile section */

/* Begin PBXFileReference section */
		018D37208FB7344A01EBA488 /* SeedlingApp.swift */ = {isa = PBXFileReference; lastKnownFileType = sourcecode.swift; path = SeedlingApp.swift; sourceTree = "<group>"; };
		0A343B8E421DD034B26FE09A /* Font.swift */ = {isa = PBXFileReference; lastKnownFileType = sourcecode.swift; path = Font.swift; sourceTree = "<group>"; };
		0AF9B83300BB6E011F27840B /* TextEditorInput.swift */ = {isa = PBXFileReference; lastKnownFileType = sourcecode.swift; path = TextEditorInput.swift; sourceTree = "<group>"; };
		0E07F18043534EFA07F817E4 /* HomeNoteDraftView.swift */ = {isa = PBXFileReference; lastKnownFileType = sourcecode.swift; path = HomeNoteDraftView.swift; sourceTree = "<group>"; };
		10690ADB8C5C2B90806E9334 /* PhotoCardView.swift */ = {isa = PBXFileReference; lastKnownFileType = sourcecode.swift; path = PhotoCardView.swift; sourceTree = "<group>"; };
		12CAF85A5268A247EE1A0571 /* LaunchScreen.storyboard */ = {isa = PBXFileReference; lastKnownFileType = file.storyboard; path = LaunchScreen.storyboard; sourceTree = "<group>"; };
		1C66A088B86EF0E49ABB7918 /* TextInput.swift */ = {isa = PBXFileReference; lastKnownFileType = sourcecode.swift; path = TextInput.swift; sourceTree = "<group>"; };
		21C42A8C5279395C14DF98B2 /* ButtonCircle.swift */ = {isa = PBXFileReference; lastKnownFileType = sourcecode.swift; path = ButtonCircle.swift; sourceTree = "<group>"; };
		2A5BA47DDCA511A77927498E /* Plant+Extension.swift */ = {isa = PBXFileReference; lastKnownFileType = sourcecode.swift; path = "Plant+Extension.swift"; sourceTree = "<group>"; };
		2D12511084921D1D72186725 /* TaskGroupView.swift */ = {isa = PBXFileReference; lastKnownFileType = sourcecode.swift; path = TaskGroupView.swift; sourceTree = "<group>"; };
		2EF7E4989403FECAEA253C23 /* Handjet-Regular.ttf */ = {isa = PBXFileReference; lastKnownFileType = file; path = "Handjet-Regular.ttf"; sourceTree = "<group>"; };
		2F3A6CC414DE4DB88E298413 /* DetailPhotoDraftView.swift */ = {isa = PBXFileReference; lastKnownFileType = sourcecode.swift; path = DetailPhotoDraftView.swift; sourceTree = "<group>"; };
		317662488EE76AC6073D26F8 /* PlantCardView.swift */ = {isa = PBXFileReference; lastKnownFileType = sourcecode.swift; path = PlantCardView.swift; sourceTree = "<group>"; };
		318A0F23A710FCFD0573D306 /* PlantEnums.swift */ = {isa = PBXFileReference; lastKnownFileType = sourcecode.swift; path = PlantEnums.swift; sourceTree = "<group>"; };
		33E92E4BA01648A58D6F8A56 /* DetailNoteDraftView.swift */ = {isa = PBXFileReference; lastKnownFileType = sourcecode.swift; path = DetailNoteDraftView.swift; sourceTree = "<group>"; };
		37B8F1867215E153538B3752 /* StageOptionsList.swift */ = {isa = PBXFileReference; lastKnownFileType = sourcecode.swift; path = StageOptionsList.swift; sourceTree = "<group>"; };
		3818C4037209AFB227F598C8 /* EditGeneralDetailsCardView.swift */ = {isa = PBXFileReference; lastKnownFileType = sourcecode.swift; path = EditGeneralDetailsCardView.swift; sourceTree = "<group>"; };
		45E087333AE7E55B4D7D534D /* CategorySelectionView.swift */ = {isa = PBXFileReference; lastKnownFileType = sourcecode.swift; path = CategorySelectionView.swift; sourceTree = "<group>"; };
		466CBE5E5F8A10D0D5D2BDBD /* CategoryOptionCard.swift */ = {isa = PBXFileReference; lastKnownFileType = sourcecode.swift; path = CategoryOptionCard.swift; sourceTree = "<group>"; };
		4D8D42CD598841379F76874C /* DetailStageDraftView.swift */ = {isa = PBXFileReference; lastKnownFileType = sourcecode.swift; path = DetailStageDraftView.swift; sourceTree = "<group>"; };
		4DA837D6D1E4CA7DFD3AB810 /* ChevronRight.swift */ = {isa = PBXFileReference; lastKnownFileType = sourcecode.swift; path = ChevronRight.swift; sourceTree = "<group>"; };
		54D3C3FBD4980B7FC97BD502 /* PhotoService.swift */ = {isa = PBXFileReference; lastKnownFileType = sourcecode.swift; path = PhotoService.swift; sourceTree = "<group>"; };
		564A6D282AD699C3B888D20C /* Preview Assets.xcassets */ = {isa = PBXFileReference; lastKnownFileType = folder.assetcatalog; path = "Preview Assets.xcassets"; sourceTree = "<group>"; };
		598403F2A5DABACD7FB41E04 /* TaskDraftView.swift */ = {isa = PBXFileReference; lastKnownFileType = sourcecode.swift; path = TaskDraftView.swift; sourceTree = "<group>"; };
		63E3419F362AEED07E36F730 /* ImagePickerService.swift */ = {isa = PBXFileReference; lastKnownFileType = sourcecode.swift; path = ImagePickerService.swift; sourceTree = "<group>"; };
		645D92F27D7E309610182FDE /* HomeView.swift */ = {isa = PBXFileReference; lastKnownFileType = sourcecode.swift; path = HomeView.swift; sourceTree = "<group>"; };
		647D943BE97AA414007F7F78 /* TaskCategory+Extension.swift */ = {isa = PBXFileReference; lastKnownFileType = sourcecode.swift; path = "TaskCategory+Extension.swift"; sourceTree = "<group>"; };
		6BDCD832D948758DC741774E /* TasksViewModel.swift */ = {isa = PBXFileReference; lastKnownFileType = sourcecode.swift; path = TasksViewModel.swift; sourceTree = "<group>"; };
		709A81F97228FCE52706987B /* NoteDraftViewModel.swift */ = {isa = PBXFileReference; lastKnownFileType = sourcecode.swift; path = NoteDraftViewModel.swift; sourceTree = "<group>"; };
		7177FC809F4BBD6A9367B8A2 /* Handjet-ExtraBold.ttf */ = {isa = PBXFileReference; lastKnownFileType = file; path = "Handjet-ExtraBold.ttf"; sourceTree = "<group>"; };
		726C8DCD764CBE4BE12D2BF2 /* HomeStageDraftView.swift */ = {isa = PBXFileReference; lastKnownFileType = sourcecode.swift; path = HomeStageDraftView.swift; sourceTree = "<group>"; };
		7584C110DC9A94EEEE619E0E /* ActionMenuGroup.swift */ = {isa = PBXFileReference; lastKnownFileType = sourcecode.swift; path = ActionMenuGroup.swift; sourceTree = "<group>"; };
		76D312403CF4E714898275E1 /* Task+Extension.swift */ = {isa = PBXFileReference; lastKnownFileType = sourcecode.swift; path = "Task+Extension.swift"; sourceTree = "<group>"; };
		7A2A06B891AE431F765B552F /* NavigationBar.swift */ = {isa = PBXFileReference; lastKnownFileType = sourcecode.swift; path = NavigationBar.swift; sourceTree = "<group>"; };
		7AD2515C4585A4C4577F542D /* FileManager.swift */ = {isa = PBXFileReference; lastKnownFileType = sourcecode.swift; path = FileManager.swift; sourceTree = "<group>"; };
		7BB5F00F8B21E39605A48C3E /* Note+Extension.swift */ = {isa = PBXFileReference; lastKnownFileType = sourcecode.swift; path = "Note+Extension.swift"; sourceTree = "<group>"; };
		7E0227AA16C309D68AB22FE4 /* Dropdown.swift */ = {isa = PBXFileReference; lastKnownFileType = sourcecode.swift; path = Dropdown.swift; sourceTree = "<group>"; };
		7E95564F37D62A5B9091D218 /* Color.swift */ = {isa = PBXFileReference; lastKnownFileType = sourcecode.swift; path = Color.swift; sourceTree = "<group>"; };
		7EE9D5F620BF0E12BE32AF25 /* HomePhotoDraftView.swift */ = {isa = PBXFileReference; lastKnownFileType = sourcecode.swift; path = HomePhotoDraftView.swift; sourceTree = "<group>"; };
		88F3E7A47B676CD80E9BCF4E /* CoreDataManager.swift */ = {isa = PBXFileReference; lastKnownFileType = sourcecode.swift; path = CoreDataManager.swift; sourceTree = "<group>"; };
		8BED42430AEFA9F63D361711 /* DetailView.swift */ = {isa = PBXFileReference; lastKnownFileType = sourcecode.swift; path = DetailView.swift; sourceTree = "<group>"; };
		8F2066D64820371607C7A811 /* TaskRowView.swift */ = {isa = PBXFileReference; lastKnownFileType = sourcecode.swift; path = TaskRowView.swift; sourceTree = "<group>"; };
		94455A82AF037A51C83AD3A8 /* EventCardView.swift */ = {isa = PBXFileReference; lastKnownFileType = sourcecode.swift; path = EventCardView.swift; sourceTree = "<group>"; };
		98F128F7F9D9469693FE8FCD /* StageDraftViewModel.swift */ = {isa = PBXFileReference; lastKnownFileType = sourcecode.swift; path = StageDraftViewModel.swift; sourceTree = "<group>"; };
		991D279A3536405BFF52D1BE /* EditAdditionalCareNotesView.swift */ = {isa = PBXFileReference; lastKnownFileType = sourcecode.swift; path = EditAdditionalCareNotesView.swift; sourceTree = "<group>"; };
		9EFB9A135AF7129E42DA5743 /* DarkOverlay.swift */ = {isa = PBXFileReference; lastKnownFileType = sourcecode.swift; path = DarkOverlay.swift; sourceTree = "<group>"; };
		A28B3D621922EAB133C2D48B /* AddPlantView.swift */ = {isa = PBXFileReference; lastKnownFileType = sourcecode.swift; path = AddPlantView.swift; sourceTree = "<group>"; };
		A300827DE80B2FA2C3DB0B6D /* ButtonRounded.swift */ = {isa = PBXFileReference; lastKnownFileType = sourcecode.swift; path = ButtonRounded.swift; sourceTree = "<group>"; };
		A4123BF900508440554541D3 /* Handjet-Bold.ttf */ = {isa = PBXFileReference; lastKnownFileType = file; path = "Handjet-Bold.ttf"; sourceTree = "<group>"; };
		A44140BC85C6AB182525F177 /* ButtonPillRow.swift */ = {isa = PBXFileReference; lastKnownFileType = sourcecode.swift; path = ButtonPillRow.swift; sourceTree = "<group>"; };
		A59D3AA1B2A82C8A5621A5BE /* PlantPost.swift */ = {isa = PBXFileReference; lastKnownFileType = sourcecode.swift; path = PlantPost.swift; sourceTree = "<group>"; };
		A7ACBCD69761A5AAE8A8276C /* PickerRow.swift */ = {isa = PBXFileReference; lastKnownFileType = sourcecode.swift; path = PickerRow.swift; sourceTree = "<group>"; };
		A7FC6D00DB469AB97EE17755 /* TextPill.swift */ = {isa = PBXFileReference; lastKnownFileType = sourcecode.swift; path = TextPill.swift; sourceTree = "<group>"; };
		A8DB8917BB29AA05EF8E07A7 /* Handjet-Medium.ttf */ = {isa = PBXFileReference; lastKnownFileType = file; path = "Handjet-Medium.ttf"; sourceTree = "<group>"; };
		AAC49FA338FEB5B5BEC4C4EE /* Info.plist */ = {isa = PBXFileReference; lastKnownFileType = text.plist; path = Info.plist; sourceTree = "<group>"; };
		AB4DA0C5A6BAF1499011A92F /* EditPhotoMode.swift */ = {isa = PBXFileReference; lastKnownFileType = sourcecode.swift; path = EditPhotoMode.swift; sourceTree = "<group>"; };
		ACEC77A6AC2EE7CAA50E3909 /* Date.swift */ = {isa = PBXFileReference; lastKnownFileType = sourcecode.swift; path = Date.swift; sourceTree = "<group>"; };
		AD1395143939C1965CA8BA16 /* CategoryCreationView.swift */ = {isa = PBXFileReference; lastKnownFileType = sourcecode.swift; path = CategoryCreationView.swift; sourceTree = "<group>"; };
		AE7A2EB8C4F1A06488CC18CB /* PlantDetailsView.swift */ = {isa = PBXFileReference; lastKnownFileType = sourcecode.swift; path = PlantDetailsView.swift; sourceTree = "<group>"; };
		AF156E895C19A47A2A2BC0C7 /* Seedling.xcdatamodel */ = {isa = PBXFileReference; lastKnownFileType = wrapper.xcdatamodel; path = Seedling.xcdatamodel; sourceTree = "<group>"; };
		B6E673746A0BCBB64ADB1734 /* Event+Extension.swift */ = {isa = PBXFileReference; lastKnownFileType = sourcecode.swift; path = "Event+Extension.swift"; sourceTree = "<group>"; };
		BECD33E99CF2466F66057EFF /* PhotoDraftViewModel.swift */ = {isa = PBXFileReference; lastKnownFileType = sourcecode.swift; path = PhotoDraftViewModel.swift; sourceTree = "<group>"; };
		C21E8DF35538C8B97E0CF058 /* CardSelectable.swift */ = {isa = PBXFileReference; lastKnownFileType = sourcecode.swift; path = CardSelectable.swift; sourceTree = "<group>"; };
		C3D4E5F6A7B8C9D0E1F2A3B4 /* PlantPickerRow.swift */ = {isa = PBXFileReference; lastKnownFileType = sourcecode.swift; path = PlantPickerRow.swift; sourceTree = "<group>"; };
		C5D5C49C7FE4D56BD60AEDBC /* DetailViewModel.swift */ = {isa = PBXFileReference; lastKnownFileType = sourcecode.swift; path = DetailViewModel.swift; sourceTree = "<group>"; };
		C6F9A05B64A47579152B86D4 /* MenuKebab.swift */ = {isa = PBXFileReference; lastKnownFileType = sourcecode.swift; path = MenuKebab.swift; sourceTree = "<group>"; };
		CB334C8AED5F09BD635CB911 /* TasksView.swift */ = {isa = PBXFileReference; lastKnownFileType = sourcecode.swift; path = TasksView.swift; sourceTree = "<group>"; };
		CD247EC86D782FDCBCEE58B4 /* PlantSelectionView.swift */ = {isa = PBXFileReference; lastKnownFileType = sourcecode.swift; path = PlantSelectionView.swift; sourceTree = "<group>"; };
		E0E2EFE52B84328093AFBD4E /* TaskDraftViewModel.swift */ = {isa = PBXFileReference; lastKnownFileType = sourcecode.swift; path = TaskDraftViewModel.swift; sourceTree = "<group>"; };
		E220B7457E183933B5AB4279 /* TabItemsPreferenceKey.swift */ = {isa = PBXFileReference; lastKnownFileType = sourcecode.swift; path = TabItemsPreferenceKey.swift; sourceTree = "<group>"; };
		E2B37C8F10F99ACFCDAA5FEA /* Assets.xcassets */ = {isa = PBXFileReference; lastKnownFileType = folder.assetcatalog; path = Assets.xcassets; sourceTree = "<group>"; };
		E3C34B3E08959A6E2959DBEC /* ButtonPill.swift */ = {isa = PBXFileReference; lastKnownFileType = sourcecode.swift; path = ButtonPill.swift; sourceTree = "<group>"; };
		E7894F92DD20E618AC0511DF /* Photo+Extension.swift */ = {isa = PBXFileReference; lastKnownFileType = sourcecode.swift; path = "Photo+Extension.swift"; sourceTree = "<group>"; };
		EE8EB2ACD0C0750E989B62BB /* NoteCardView.swift */ = {isa = PBXFileReference; lastKnownFileType = sourcecode.swift; path = NoteCardView.swift; sourceTree = "<group>"; };
		EFD50B3888366B8C0D51D5A6 /* EditCareRequirementsCardView.swift */ = {isa = PBXFileReference; lastKnownFileType = sourcecode.swift; path = EditCareRequirementsCardView.swift; sourceTree = "<group>"; };
		F1920E721692FD05B73296A0 /* HomeViewModel.swift */ = {isa = PBXFileReference; lastKnownFileType = sourcecode.swift; path = HomeViewModel.swift; sourceTree = "<group>"; };
		F7EDADC12F23C663E48548E2 /* Seedling.app */ = {isa = PBXFileReference; explicitFileType = wrapper.application; includeInIndex = 0; path = Seedling.app; sourceTree = BUILT_PRODUCTS_DIR; };
		FD3FFD5CEE1F2D7E29B56184 /* UINavigationController.swift */ = {isa = PBXFileReference; lastKnownFileType = sourcecode.swift; path = UINavigationController.swift; sourceTree = "<group>"; };
/* End PBXFileReference section */

/* Begin PBXFrameworksBuildPhase section */
		A3D71E5682706BC77751DEDE /* Frameworks */ = {
			isa = PBXFrameworksBuildPhase;
			buildActionMask = 2147483647;
			files = (
			);
			runOnlyForDeploymentPostprocessing = 0;
		};
/* End PBXFrameworksBuildPhase section */

/* Begin PBXGroup section */
		035A1060CF1060559C592657 /* Components */ = {
			isa = PBXGroup;
			children = (
				6269188515F7F9309BD5D7B2 /* Feature */,
				0FB02CB3F613ED3BC943F6E7 /* Foundational */,
			);
			path = Components;
			sourceTree = "<group>";
		};
		0FB02CB3F613ED3BC943F6E7 /* Foundational */ = {
			isa = PBXGroup;
			children = (
				21C42A8C5279395C14DF98B2 /* ButtonCircle.swift */,
				E3C34B3E08959A6E2959DBEC /* ButtonPill.swift */,
				A44140BC85C6AB182525F177 /* ButtonPillRow.swift */,
				A300827DE80B2FA2C3DB0B6D /* ButtonRounded.swift */,
				C21E8DF35538C8B97E0CF058 /* CardSelectable.swift */,
				466CBE5E5F8A10D0D5D2BDBD /* CategoryOptionCard.swift */,
				4DA837D6D1E4CA7DFD3AB810 /* ChevronRight.swift */,
				9EFB9A135AF7129E42DA5743 /* DarkOverlay.swift */,
				7E0227AA16C309D68AB22FE4 /* Dropdown.swift */,
				C6F9A05B64A47579152B86D4 /* MenuKebab.swift */,
				7A2A06B891AE431F765B552F /* NavigationBar.swift */,
				A7ACBCD69761A5AAE8A8276C /* PickerRow.swift */,
				0AF9B83300BB6E011F27840B /* TextEditorInput.swift */,
				1C66A088B86EF0E49ABB7918 /* TextInput.swift */,
				A7FC6D00DB469AB97EE17755 /* TextPill.swift */,
			);
			path = Foundational;
			sourceTree = "<group>";
		};
		1E3E8C9C83D7FD6F13D0D4F2 /* Views */ = {
			isa = PBXGroup;
			children = (
				A28B3D621922EAB133C2D48B /* AddPlantView.swift */,
				0E07F18043534EFA07F817E4 /* HomeNoteDraftView.swift */,
				7EE9D5F620BF0E12BE32AF25 /* HomePhotoDraftView.swift */,
				726C8DCD764CBE4BE12D2BF2 /* HomeStageDraftView.swift */,
				645D92F27D7E309610182FDE /* HomeView.swift */,
				CD247EC86D782FDCBCEE58B4 /* PlantSelectionView.swift */,
			);
			path = Views;
			sourceTree = "<group>";
		};
		268BE917316D430FF3BB9B7F /* Detail */ = {
			isa = PBXGroup;
			children = (
				2DA1224BF575854F33FF599F /* ViewModels */,
				AE61DD0BA6A58348F88F1139 /* Views */,
			);
			path = Detail;
			sourceTree = "<group>";
		};
		2831ADCEC394653464CF3F3F /* Views */ = {
			isa = PBXGroup;
			children = (
			);
			path = Views;
			sourceTree = "<group>";
		};
		2DA1224BF575854F33FF599F /* ViewModels */ = {
			isa = PBXGroup;
			children = (
				C5D5C49C7FE4D56BD60AEDBC /* DetailViewModel.swift */,
			);
			path = ViewModels;
			sourceTree = "<group>";
		};
		4DE51FCAB159DCB54F2E908B /* ViewModels */ = {
			isa = PBXGroup;
			children = (
				709A81F97228FCE52706987B /* NoteDraftViewModel.swift */,
				BECD33E99CF2466F66057EFF /* PhotoDraftViewModel.swift */,
				98F128F7F9D9469693FE8FCD /* StageDraftViewModel.swift */,
			);
			path = ViewModels;
			sourceTree = "<group>";
		};
		553A4956D39830EC840D1163 /* Fonts */ = {
			isa = PBXGroup;
			children = (
				A4123BF900508440554541D3 /* Handjet-Bold.ttf */,
				7177FC809F4BBD6A9367B8A2 /* Handjet-ExtraBold.ttf */,
				A8DB8917BB29AA05EF8E07A7 /* Handjet-Medium.ttf */,
				2EF7E4989403FECAEA253C23 /* Handjet-Regular.ttf */,
			);
			path = Fonts;
			sourceTree = "<group>";
		};
		59598866566415A41CD3CF25 /* Products */ = {
			isa = PBXGroup;
			children = (
				F7EDADC12F23C663E48548E2 /* Seedling.app */,
			);
			name = Products;
			sourceTree = "<group>";
		};
		5B2F492CAF1D49F6D1B15CB0 /* Views */ = {
			isa = PBXGroup;
			children = (
				12CAF85A5268A247EE1A0571 /* LaunchScreen.storyboard */,
			);
			path = Views;
			sourceTree = "<group>";
		};
		5F20773DF21E2B34A9B74DE9 /* Edit */ = {
			isa = PBXGroup;
			children = (
				4DE51FCAB159DCB54F2E908B /* ViewModels */,
				2831ADCEC394653464CF3F3F /* Views */,
			);
			path = Edit;
			sourceTree = "<group>";
		};
		6269188515F7F9309BD5D7B2 /* Feature */ = {
			isa = PBXGroup;
			children = (
				7584C110DC9A94EEEE619E0E /* ActionMenuGroup.swift */,
				94455A82AF037A51C83AD3A8 /* EventCardView.swift */,
				EE8EB2ACD0C0750E989B62BB /* NoteCardView.swift */,
				10690ADB8C5C2B90806E9334 /* PhotoCardView.swift */,
				317662488EE76AC6073D26F8 /* PlantCardView.swift */,
				C3D4E5F6A7B8C9D0E1F2A3B4 /* PlantPickerRow.swift */,
				37B8F1867215E153538B3752 /* StageOptionsList.swift */,
				2D12511084921D1D72186725 /* TaskGroupView.swift */,
				8F2066D64820371607C7A811 /* TaskRowView.swift */,
			);
			path = Feature;
			sourceTree = "<group>";
		};
		692EE9863773FBCAFEEDF9A5 /* Views */ = {
			isa = PBXGroup;
			children = (
				AD1395143939C1965CA8BA16 /* CategoryCreationView.swift */,
				45E087333AE7E55B4D7D534D /* CategorySelectionView.swift */,
				598403F2A5DABACD7FB41E04 /* TaskDraftView.swift */,
				CB334C8AED5F09BD635CB911 /* TasksView.swift */,
			);
			path = Views;
			sourceTree = "<group>";
		};
		6A4C2CC626D8858F1BF4B919 /* Home */ = {
			isa = PBXGroup;
			children = (
				981AF7A3B49A9385A6722382 /* ViewModels */,
				1E3E8C9C83D7FD6F13D0D4F2 /* Views */,
			);
			path = Home;
			sourceTree = "<group>";
		};
		6DDA1E5816EDD90C22226494 /* Utilities */ = {
			isa = PBXGroup;
			children = (
				88F3E7A47B676CD80E9BCF4E /* CoreDataManager.swift */,
				E220B7457E183933B5AB4279 /* TabItemsPreferenceKey.swift */,
			);
			path = Utilities;
			sourceTree = "<group>";
		};
		72A5F13A124007E9EF79D52A /* Photos */ = {
			isa = PBXGroup;
			children = (
				63E3419F362AEED07E36F730 /* ImagePickerService.swift */,
				54D3C3FBD4980B7FC97BD502 /* PhotoService.swift */,
			);
			path = Photos;
			sourceTree = "<group>";
		};
		869DB1A0825639204004BD8A /* Seedling */ = {
			isa = PBXGroup;
			children = (
				900D387671D14927070B5BEE /* Core */,
				B00A52CF947A3F664C47A8CF /* Extensions */,
				553A4956D39830EC840D1163 /* Fonts */,
				C0A1B2466D694FB9C4E41ECA /* Models */,
				DE678B6B84E644F2E700265F /* Preview Content */,
				D2F3CAE4DE0EC4124DF1E4A5 /* Services */,
				6DDA1E5816EDD90C22226494 /* Utilities */,
				E2B37C8F10F99ACFCDAA5FEA /* Assets.xcassets */,
				AAC49FA338FEB5B5BEC4C4EE /* Info.plist */,
				018D37208FB7344A01EBA488 /* SeedlingApp.swift */,
			);
			path = Seedling;
			sourceTree = "<group>";
		};
		900D387671D14927070B5BEE /* Core */ = {
			isa = PBXGroup;
			children = (
				035A1060CF1060559C592657 /* Components */,
				268BE917316D430FF3BB9B7F /* Detail */,
				5F20773DF21E2B34A9B74DE9 /* Edit */,
				6A4C2CC626D8858F1BF4B919 /* Home */,
				C3E3D6C44E924626636DAE82 /* Launch */,
				DFA08E4C21C694BEFF8B6333 /* Tasks */,
			);
			path = Core;
			sourceTree = "<group>";
		};
		981AF7A3B49A9385A6722382 /* ViewModels */ = {
			isa = PBXGroup;
			children = (
				F1920E721692FD05B73296A0 /* HomeViewModel.swift */,
			);
			path = ViewModels;
			sourceTree = "<group>";
		};
		A275A228B2DBD9A68A6C1596 /* Extensions */ = {
			isa = PBXGroup;
			children = (
				B6E673746A0BCBB64ADB1734 /* Event+Extension.swift */,
				7BB5F00F8B21E39605A48C3E /* Note+Extension.swift */,
				E7894F92DD20E618AC0511DF /* Photo+Extension.swift */,
				2A5BA47DDCA511A77927498E /* Plant+Extension.swift */,
				76D312403CF4E714898275E1 /* Task+Extension.swift */,
				647D943BE97AA414007F7F78 /* TaskCategory+Extension.swift */,
			);
			path = Extensions;
			sourceTree = "<group>";
		};
		AE61DD0BA6A58348F88F1139 /* Views */ = {
			isa = PBXGroup;
			children = (
				8BED42430AEFA9F63D361711 /* DetailView.swift */,
				33E92E4BA01648A58D6F8A56 /* DetailNoteDraftView.swift */,
				2F3A6CC414DE4DB88E298413 /* DetailPhotoDraftView.swift */,
				4D8D42CD598841379F76874C /* DetailStageDraftView.swift */,
				991D279A3536405BFF52D1BE /* EditAdditionalCareNotesView.swift */,
				EFD50B3888366B8C0D51D5A6 /* EditCareRequirementsCardView.swift */,
				3818C4037209AFB227F598C8 /* EditGeneralDetailsCardView.swift */,
				AE7A2EB8C4F1A06488CC18CB /* PlantDetailsView.swift */,
			);
			path = Views;
			sourceTree = "<group>";
		};
		B00A52CF947A3F664C47A8CF /* Extensions */ = {
			isa = PBXGroup;
			children = (
				7E95564F37D62A5B9091D218 /* Color.swift */,
				ACEC77A6AC2EE7CAA50E3909 /* Date.swift */,
				7AD2515C4585A4C4577F542D /* FileManager.swift */,
				0A343B8E421DD034B26FE09A /* Font.swift */,
				FD3FFD5CEE1F2D7E29B56184 /* UINavigationController.swift */,
			);
			path = Extensions;
			sourceTree = "<group>";
		};
		BB62F67E95812722A2EBB67D /* ViewModels */ = {
			isa = PBXGroup;
			children = (
				E0E2EFE52B84328093AFBD4E /* TaskDraftViewModel.swift */,
				6BDCD832D948758DC741774E /* TasksViewModel.swift */,
			);
			path = ViewModels;
			sourceTree = "<group>";
		};
		C0A1B2466D694FB9C4E41ECA /* Models */ = {
			isa = PBXGroup;
			children = (
				A275A228B2DBD9A68A6C1596 /* Extensions */,
				E5362B0D306B34628850E342 /* Seedling.xcdatamodeld */,
				AB4DA0C5A6BAF1499011A92F /* EditPhotoMode.swift */,
				318A0F23A710FCFD0573D306 /* PlantEnums.swift */,
				A59D3AA1B2A82C8A5621A5BE /* PlantPost.swift */,
			);
			path = Models;
			sourceTree = "<group>";
		};
		C3E3D6C44E924626636DAE82 /* Launch */ = {
			isa = PBXGroup;
			children = (
				5B2F492CAF1D49F6D1B15CB0 /* Views */,
			);
			path = Launch;
			sourceTree = "<group>";
		};
		D2F3CAE4DE0EC4124DF1E4A5 /* Services */ = {
			isa = PBXGroup;
			children = (
				72A5F13A124007E9EF79D52A /* Photos */,
			);
			path = Services;
			sourceTree = "<group>";
		};
		D861418A574BA15FCB665AA4 = {
			isa = PBXGroup;
			children = (
				869DB1A0825639204004BD8A /* Seedling */,
				59598866566415A41CD3CF25 /* Products */,
			);
			sourceTree = "<group>";
		};
		DE678B6B84E644F2E700265F /* Preview Content */ = {
			isa = PBXGroup;
			children = (
				564A6D282AD699C3B888D20C /* Preview Assets.xcassets */,
			);
			path = "Preview Content";
			sourceTree = "<group>";
		};
		DFA08E4C21C694BEFF8B6333 /* Tasks */ = {
			isa = PBXGroup;
			children = (
				BB62F67E95812722A2EBB67D /* ViewModels */,
				692EE9863773FBCAFEEDF9A5 /* Views */,
			);
			path = Tasks;
			sourceTree = "<group>";
		};
/* End PBXGroup section */

/* Begin PBXNativeTarget section */
		A0961CE07B6C29CD85E7CF0F /* Seedling */ = {
			isa = PBXNativeTarget;
			buildConfigurationList = 301D432B6AB68D4E566E0788 /* Build configuration list for PBXNativeTarget "Seedling" */;
			buildPhases = (
				C3BE22D758A518DD4DAE2BBE /* Sources */,
				80A1492E803AD9665D940F27 /* Resources */,
				A3D71E5682706BC77751DEDE /* Frameworks */,
			);
			buildRules = (
			);
			dependencies = (
			);
			name = Seedling;
			productName = Seedling;
			productReference = F7EDADC12F23C663E48548E2 /* Seedling.app */;
			productType = "com.apple.product-type.application";
		};
/* End PBXNativeTarget section */

/* Begin PBXProject section */
		12BFE16D7FBF731884035F97 /* Project object */ = {
			isa = PBXProject;
			attributes = {
				BuildIndependentTargetsInParallel = YES;
				LastUpgradeCheck = 2650;
				TargetAttributes = {
					A0961CE07B6C29CD85E7CF0F = {
						DevelopmentTeam = 7YPJCXPNAH;
						ProvisioningStyle = Automatic;
					};
				};
			};
			buildConfigurationList = E763945B421A9FD015F57C76 /* Build configuration list for PBXProject "Seedling" */;
			developmentRegion = en;
			hasScannedForEncodings = 0;
			knownRegions = (
				Base,
				en,
			);
			mainGroup = D861418A574BA15FCB665AA4;
			minimizedProjectReferenceProxies = 1;
			preferredProjectObjectVersion = 77;
			productRefGroup = 59598866566415A41CD3CF25 /* Products */;
			projectDirPath = "";
			projectRoot = "";
			targets = (
				A0961CE07B6C29CD85E7CF0F /* Seedling */,
			);
		};
/* End PBXProject section */

/* Begin PBXResourcesBuildPhase section */
		80A1492E803AD9665D940F27 /* Resources */ = {
			isa = PBXResourcesBuildPhase;
			buildActionMask = 2147483647;
			files = (
				018CD1120F44C429054D0ABB /* Assets.xcassets in Resources */,
				C737EB0D55D477B899EC9F2B /* Handjet-Bold.ttf in Resources */,
				97FE50B4A75C2A687C55FCC8 /* Handjet-ExtraBold.ttf in Resources */,
				96111579BF816CC6E185C383 /* Handjet-Medium.ttf in Resources */,
				BC7472D68C186A08291306BA /* Handjet-Regular.ttf in Resources */,
				277C79AA62A667A202CCE32C /* LaunchScreen.storyboard in Resources */,
				01D9F95FDC89A5B9FE3A53FC /* Preview Assets.xcassets in Resources */,
			);
			runOnlyForDeploymentPostprocessing = 0;
		};
/* End PBXResourcesBuildPhase section */

/* Begin PBXSourcesBuildPhase section */
		C3BE22D758A518DD4DAE2BBE /* Sources */ = {
			isa = PBXSourcesBuildPhase;
			buildActionMask = 2147483647;
			files = (
				A8B6A07DEE6C521FB928D18C /* ActionMenuGroup.swift in Sources */,
				B3C1D2E4F5A6B7C8D9E0F1A2 /* PlantPickerRow.swift in Sources */,
				327061D420DAFF26A215B86B /* AddPlantView.swift in Sources */,
				91EF01EB0D5306716F71F4C0 /* ButtonCircle.swift in Sources */,
				BB82BBB758ABCB2DA2A4F281 /* ButtonPill.swift in Sources */,
				503DE72DBEF0212E618BEACE /* ButtonPillRow.swift in Sources */,
				12B56589B3D6082F812835B4 /* ButtonRounded.swift in Sources */,
				C3F54371B2B6483797891288 /* CardSelectable.swift in Sources */,
				EAFD339C0E267154F667715A /* CategoryCreationView.swift in Sources */,
				349E3B19BCA70730E7D37EC2 /* CategoryOptionCard.swift in Sources */,
				9434DBBE5FB9B01A4ECE5B20 /* CategorySelectionView.swift in Sources */,
				E225413F572F21D1C29FDAC5 /* ChevronRight.swift in Sources */,
				6E0300D18EE91659D1A90C33 /* Color.swift in Sources */,
				F5D16FCF24826D1787E03D1E /* CoreDataManager.swift in Sources */,
				A7CFF51E21EE7AF76E7D392F /* DarkOverlay.swift in Sources */,
				9519E819325C05F48420086F /* Date.swift in Sources */,
				1DE7AF632BAA3A497C5CE3B4 /* DetailView.swift in Sources */,
				D24DC20CF4DCA9A9ADD0FA56 /* DetailViewModel.swift in Sources */,
				D10FB7F05F9E034A2752203B /* Dropdown.swift in Sources */,
				DD190FC5E3CE453A419C613B /* EditAdditionalCareNotesView.swift in Sources */,
				C27EF2B64F2C7FF03D6BE5CE /* EditCareRequirementsCardView.swift in Sources */,
				1D74AA5340A116C61B3F3960 /* EditGeneralDetailsCardView.swift in Sources */,
				1DF7621BE1ECFC5A6D36669F /* EditPhotoMode.swift in Sources */,
				8FBEE536D07BC5A4EF240EA8 /* Event+Extension.swift in Sources */,
				57081C20FEB9532316C23448 /* EventCardView.swift in Sources */,
				890B410EE137FCC50A49B702 /* FileManager.swift in Sources */,
				7D80A33AD8FFBD2B415BEADF /* Font.swift in Sources */,
				2250DFBF65149C7F4B40B792 /* HomeNoteDraftView.swift in Sources */,
				70ECC82F5F7EC7CF88467785 /* HomePhotoDraftView.swift in Sources */,
				14915DD86D0056C790282A68 /* HomeStageDraftView.swift in Sources */,
				F5E32CA0F04B4B2797420651 /* HomeView.swift in Sources */,
				7F01C05747412EB94D60D1F2 /* HomeViewModel.swift in Sources */,
				8CBC93DD72E24BD2AD8C6EDE /* ImagePickerService.swift in Sources */,
				DF6BD114B039512347599033 /* MenuKebab.swift in Sources */,
				2B6513278C27C87A9932500B /* NavigationBar.swift in Sources */,
				46182A61E4DDE6E42FE17B72 /* Note+Extension.swift in Sources */,
				CC168BD80E7144A12E132CED /* NoteCardView.swift in Sources */,
				1C32AC5C696349C1A61376C0 /* DetailNoteDraftView.swift in Sources */,
				FCDB18CB15D24AB59DDE52DF /* DetailPhotoDraftView.swift in Sources */,
				36CD804E8A644654BC98F99E /* DetailStageDraftView.swift in Sources */,
				E72DE8C6337445BCF016C522 /* NoteDraftViewModel.swift in Sources */,
				F6F2B2D1B4DE770553A216B9 /* Photo+Extension.swift in Sources */,
				E931D5DB4A0DF060F424B86E /* PhotoCardView.swift in Sources */,
				B07BAA0619E2CD2277DFD1C8 /* PhotoDraftViewModel.swift in Sources */,
				BD1BC9601418C8B7F91A8E9B /* PhotoService.swift in Sources */,
				F53FFDDD0CC8D2A651469279 /* PickerRow.swift in Sources */,
				B5FB4F3C5EB73F8C7CA3B714 /* Plant+Extension.swift in Sources */,
				DAFEAC180551359A8CB660B7 /* PlantCardView.swift in Sources */,
				3151A560DFB75EB9D451B6AB /* PlantDetailsView.swift in Sources */,
				CEAFB81C55BC32BD9435E1C7 /* PlantEnums.swift in Sources */,
				D09F8F50EAEAF76B7B473CF5 /* PlantPost.swift in Sources */,
				B41D5BC90F4A078EBE504FF3 /* PlantSelectionView.swift in Sources */,
				D4BF58C3AE50734E4D61B7E2 /* Seedling.xcdatamodeld in Sources */,
				B650291AC07E6DD2453ED531 /* SeedlingApp.swift in Sources */,
				971871D2929B96739746DF72 /* StageDraftViewModel.swift in Sources */,
				8190D826408CC9B6EE206E9E /* StageOptionsList.swift in Sources */,
				3621159740D9EE028934C5ED /* TabItemsPreferenceKey.swift in Sources */,
				87CA043560D85CDD262E7BB1 /* Task+Extension.swift in Sources */,
				61335FBE8800E6798FC2FBE5 /* TaskCategory+Extension.swift in Sources */,
				E02C375F0564DF6EC61CF70C /* TaskDraftView.swift in Sources */,
				0E59E2FA0FEC0CABC7F16648 /* TaskDraftViewModel.swift in Sources */,
				ED1D435C09223F9F2FAE8D3F /* TaskGroupView.swift in Sources */,
				D888E57B3F057CCF52C06026 /* TaskRowView.swift in Sources */,
				D350659DAE150CB9814AB3E0 /* TasksView.swift in Sources */,
				69F50C7C594A6B04CF44B7AC /* TasksViewModel.swift in Sources */,
				F2D1FDE7D71A96B9C43971B4 /* TextEditorInput.swift in Sources */,
				4362592B8DEA282E77FDF1C2 /* TextInput.swift in Sources */,
				C599B683919453EFC30DDF4C /* TextPill.swift in Sources */,
				416D910E919ABD7BBD95E555 /* UINavigationController.swift in Sources */,
			);
			runOnlyForDeploymentPostprocessing = 0;
		};
/* End PBXSourcesBuildPhase section */

/* Begin XCBuildConfiguration section */
		1B2951C86A5E1E7092515DEA /* Debug */ = {
			isa = XCBuildConfiguration;
			buildSettings = {
				ALWAYS_SEARCH_USER_PATHS = NO;
				CLANG_ANALYZER_NONNULL = YES;
				CLANG_ANALYZER_NUMBER_OBJECT_CONVERSION = YES_AGGRESSIVE;
				CLANG_CXX_LANGUAGE_STANDARD = "gnu++14";
				CLANG_CXX_LIBRARY = "libc++";
				CLANG_ENABLE_MODULES = YES;
				CLANG_ENABLE_OBJC_ARC = YES;
				CLANG_ENABLE_OBJC_WEAK = YES;
				CLANG_WARN_BLOCK_CAPTURE_AUTORELEASING = YES;
				CLANG_WARN_BOOL_CONVERSION = YES;
				CLANG_WARN_COMMA = YES;
				CLANG_WARN_CONSTANT_CONVERSION = YES;
				CLANG_WARN_DEPRECATED_OBJC_IMPLEMENTATIONS = YES;
				CLANG_WARN_DIRECT_OBJC_ISA_USAGE = YES_ERROR;
				CLANG_WARN_DOCUMENTATION_COMMENTS = YES;
				CLANG_WARN_EMPTY_BODY = YES;
				CLANG_WARN_ENUM_CONVERSION = YES;
				CLANG_WARN_INFINITE_RECURSION = YES;
				CLANG_WARN_INT_CONVERSION = YES;
				CLANG_WARN_NON_LITERAL_NULL_CONVERSION = YES;
				CLANG_WARN_OBJC_IMPLICIT_RETAIN_SELF = YES;
				CLANG_WARN_OBJC_LITERAL_CONVERSION = YES;
				CLANG_WARN_OBJC_ROOT_CLASS = YES_ERROR;
				CLANG_WARN_QUOTED_INCLUDE_IN_FRAMEWORK_HEADER = YES;
				CLANG_WARN_RANGE_LOOP_ANALYSIS = YES;
				CLANG_WARN_STRICT_PROTOTYPES = YES;
				CLANG_WARN_SUSPICIOUS_MOVE = YES;
				CLANG_WARN_UNGUARDED_AVAILABILITY = YES_AGGRESSIVE;
				CLANG_WARN_UNREACHABLE_CODE = YES;
				CLANG_WARN__DUPLICATE_METHOD_MATCH = YES;
				COPY_PHASE_STRIP = NO;
				DEBUG_INFORMATION_FORMAT = dwarf;
				DEVELOPMENT_TEAM = 7YPJCXPNAH;
				ENABLE_STRICT_OBJC_MSGSEND = YES;
				ENABLE_TESTABILITY = YES;
				ENABLE_USER_SCRIPT_SANDBOXING = YES;
				GCC_C_LANGUAGE_STANDARD = gnu11;
				GCC_DYNAMIC_NO_PIC = NO;
				GCC_NO_COMMON_BLOCKS = YES;
				GCC_OPTIMIZATION_LEVEL = 0;
				GCC_PREPROCESSOR_DEFINITIONS = (
					"$(inherited)",
					"DEBUG=1",
				);
				GCC_WARN_64_TO_32_BIT_CONVERSION = YES;
				GCC_WARN_ABOUT_RETURN_TYPE = YES_ERROR;
				GCC_WARN_UNDECLARED_SELECTOR = YES;
				GCC_WARN_UNINITIALIZED_AUTOS = YES_AGGRESSIVE;
				GCC_WARN_UNUSED_FUNCTION = YES;
				GCC_WARN_UNUSED_VARIABLE = YES;
				IPHONEOS_DEPLOYMENT_TARGET = 17.6;
				MTL_ENABLE_DEBUG_INFO = INCLUDE_SOURCE;
				MTL_FAST_MATH = YES;
				ONLY_ACTIVE_ARCH = YES;
				PRODUCT_NAME = "$(TARGET_NAME)";
				SDKROOT = iphoneos;
				STRING_CATALOG_GENERATE_SYMBOLS = YES;
				SWIFT_ACTIVE_COMPILATION_CONDITIONS = DEBUG;
				SWIFT_OPTIMIZATION_LEVEL = "-Onone";
				SWIFT_VERSION = 5.0;
			};
			name = Debug;
		};
		39EDC51FFF01C2127616E592 /* Debug */ = {
			isa = XCBuildConfiguration;
			buildSettings = {
				ASSETCATALOG_COMPILER_APPICON_NAME = AppIcon;
				ASSETCATALOG_COMPILER_GENERATE_SWIFT_ASSET_SYMBOL_EXTENSIONS = YES;
				ASSETCATALOG_COMPILER_GLOBAL_ACCENT_COLOR_NAME = ColorAccentGreen;
				ASSETCATALOG_COMPILER_INCLUDE_ALL_APPICON_ASSETS = YES;
				CODE_SIGN_IDENTITY = "iPhone Developer";
				CODE_SIGN_STYLE = Automatic;
				CURRENT_PROJECT_VERSION = 1;
				DEVELOPMENT_ASSET_PATHS = "\"Seedling/Preview Content\"";
				ENABLE_PREVIEWS = YES;
				GENERATE_INFOPLIST_FILE = YES;
				INFOPLIST_FILE = Seedling/Info.plist;
				INFOPLIST_KEY_CFBundleDisplayName = Seedling;
				INFOPLIST_KEY_LSApplicationCategoryType = "public.app-category.lifestyle";
				INFOPLIST_KEY_NSCameraUsageDescription = "Seedling requires access to camera to take photos for posts.";
				INFOPLIST_KEY_NSPhotoLibraryUsageDescription = "Seedling requires access to photo library to select photos for posts.";
				INFOPLIST_KEY_UIApplicationSceneManifest_Generation = YES;
				INFOPLIST_KEY_UIApplicationSupportsIndirectInputEvents = YES;
				INFOPLIST_KEY_UILaunchScreen_Generation = YES;
				INFOPLIST_KEY_UILaunchStoryboardName = LaunchScreen;
				INFOPLIST_KEY_UIStatusBarHidden = NO;
				INFOPLIST_KEY_UISupportedInterfaceOrientations = "UIInterfaceOrientationPortrait UIInterfaceOrientationPortraitUpsideDown";
				IPHONEOS_DEPLOYMENT_TARGET = 17.6;
				LD_RUNPATH_SEARCH_PATHS = (
					"$(inherited)",
					"@executable_path/Frameworks",
				);
				LOCALIZATION_PREFERS_STRING_CATALOGS = YES;
				MARKETING_VERSION = 1.0.4;
				PRODUCT_BUNDLE_IDENTIFIER = lauriecai.Seedling;
				SDKROOT = iphoneos;
				STRING_CATALOG_GENERATE_SYMBOLS = YES;
				SUPPORTS_MACCATALYST = NO;
				SUPPORTS_MAC_DESIGNED_FOR_IPHONE_IPAD = NO;
				SUPPORTS_XR_DESIGNED_FOR_IPHONE_IPAD = NO;
				SWIFT_EMIT_LOC_STRINGS = YES;
				SWIFT_VERSION = 5.0;
				TARGETED_DEVICE_FAMILY = 1;
			};
			name = Debug;
		};
		766805A43A4D63DC0B17F7CA /* Release */ = {
			isa = XCBuildConfiguration;
			buildSettings = {
				ASSETCATALOG_COMPILER_APPICON_NAME = AppIcon;
				ASSETCATALOG_COMPILER_GENERATE_SWIFT_ASSET_SYMBOL_EXTENSIONS = YES;
				ASSETCATALOG_COMPILER_GLOBAL_ACCENT_COLOR_NAME = ColorAccentGreen;
				ASSETCATALOG_COMPILER_INCLUDE_ALL_APPICON_ASSETS = YES;
				CODE_SIGN_IDENTITY = "iPhone Developer";
				CODE_SIGN_STYLE = Automatic;
				CURRENT_PROJECT_VERSION = 1;
				DEVELOPMENT_ASSET_PATHS = "\"Seedling/Preview Content\"";
				ENABLE_PREVIEWS = YES;
				GENERATE_INFOPLIST_FILE = YES;
				INFOPLIST_FILE = Seedling/Info.plist;
				INFOPLIST_KEY_CFBundleDisplayName = Seedling;
				INFOPLIST_KEY_LSApplicationCategoryType = "public.app-category.lifestyle";
				INFOPLIST_KEY_NSCameraUsageDescription = "Seedling requires access to camera to take photos for posts.";
				INFOPLIST_KEY_NSPhotoLibraryUsageDescription = "Seedling requires access to photo library to select photos for posts.";
				INFOPLIST_KEY_UIApplicationSceneManifest_Generation = YES;
				INFOPLIST_KEY_UIApplicationSupportsIndirectInputEvents = YES;
				INFOPLIST_KEY_UILaunchScreen_Generation = YES;
				INFOPLIST_KEY_UILaunchStoryboardName = LaunchScreen;
				INFOPLIST_KEY_UIStatusBarHidden = NO;
				INFOPLIST_KEY_UISupportedInterfaceOrientations = "UIInterfaceOrientationPortrait UIInterfaceOrientationPortraitUpsideDown";
				IPHONEOS_DEPLOYMENT_TARGET = 17.6;
				LD_RUNPATH_SEARCH_PATHS = (
					"$(inherited)",
					"@executable_path/Frameworks",
				);
				LOCALIZATION_PREFERS_STRING_CATALOGS = YES;
				MARKETING_VERSION = 1.0.4;
				PRODUCT_BUNDLE_IDENTIFIER = lauriecai.Seedling;
				SDKROOT = iphoneos;
				STRING_CATALOG_GENERATE_SYMBOLS = YES;
				SUPPORTS_MACCATALYST = NO;
				SUPPORTS_MAC_DESIGNED_FOR_IPHONE_IPAD = NO;
				SUPPORTS_XR_DESIGNED_FOR_IPHONE_IPAD = NO;
				SWIFT_EMIT_LOC_STRINGS = YES;
				SWIFT_VERSION = 5.0;
				TARGETED_DEVICE_FAMILY = 1;
			};
			name = Release;
		};
		D7A75257123EF6380F727840 /* Release */ = {
			isa = XCBuildConfiguration;
			buildSettings = {
				ALWAYS_SEARCH_USER_PATHS = NO;
				CLANG_ANALYZER_NONNULL = YES;
				CLANG_ANALYZER_NUMBER_OBJECT_CONVERSION = YES_AGGRESSIVE;
				CLANG_CXX_LANGUAGE_STANDARD = "gnu++14";
				CLANG_CXX_LIBRARY = "libc++";
				CLANG_ENABLE_MODULES = YES;
				CLANG_ENABLE_OBJC_ARC = YES;
				CLANG_ENABLE_OBJC_WEAK = YES;
				CLANG_WARN_BLOCK_CAPTURE_AUTORELEASING = YES;
				CLANG_WARN_BOOL_CONVERSION = YES;
				CLANG_WARN_COMMA = YES;
				CLANG_WARN_CONSTANT_CONVERSION = YES;
				CLANG_WARN_DEPRECATED_OBJC_IMPLEMENTATIONS = YES;
				CLANG_WARN_DIRECT_OBJC_ISA_USAGE = YES_ERROR;
				CLANG_WARN_DOCUMENTATION_COMMENTS = YES;
				CLANG_WARN_EMPTY_BODY = YES;
				CLANG_WARN_ENUM_CONVERSION = YES;
				CLANG_WARN_INFINITE_RECURSION = YES;
				CLANG_WARN_INT_CONVERSION = YES;
				CLANG_WARN_NON_LITERAL_NULL_CONVERSION = YES;
				CLANG_WARN_OBJC_IMPLICIT_RETAIN_SELF = YES;
				CLANG_WARN_OBJC_LITERAL_CONVERSION = YES;
				CLANG_WARN_OBJC_ROOT_CLASS = YES_ERROR;
				CLANG_WARN_QUOTED_INCLUDE_IN_FRAMEWORK_HEADER = YES;
				CLANG_WARN_RANGE_LOOP_ANALYSIS = YES;
				CLANG_WARN_STRICT_PROTOTYPES = YES;
				CLANG_WARN_SUSPICIOUS_MOVE = YES;
				CLANG_WARN_UNGUARDED_AVAILABILITY = YES_AGGRESSIVE;
				CLANG_WARN_UNREACHABLE_CODE = YES;
				CLANG_WARN__DUPLICATE_METHOD_MATCH = YES;
				COPY_PHASE_STRIP = NO;
				DEBUG_INFORMATION_FORMAT = "dwarf-with-dsym";
				DEVELOPMENT_TEAM = 7YPJCXPNAH;
				ENABLE_NS_ASSERTIONS = NO;
				ENABLE_STRICT_OBJC_MSGSEND = YES;
				ENABLE_USER_SCRIPT_SANDBOXING = YES;
				GCC_C_LANGUAGE_STANDARD = gnu11;
				GCC_NO_COMMON_BLOCKS = YES;
				GCC_WARN_64_TO_32_BIT_CONVERSION = YES;
				GCC_WARN_ABOUT_RETURN_TYPE = YES_ERROR;
				GCC_WARN_UNDECLARED_SELECTOR = YES;
				GCC_WARN_UNINITIALIZED_AUTOS = YES_AGGRESSIVE;
				GCC_WARN_UNUSED_FUNCTION = YES;
				GCC_WARN_UNUSED_VARIABLE = YES;
				IPHONEOS_DEPLOYMENT_TARGET = 17.6;
				MTL_ENABLE_DEBUG_INFO = NO;
				MTL_FAST_MATH = YES;
				PRODUCT_NAME = "$(TARGET_NAME)";
				SDKROOT = iphoneos;
				STRING_CATALOG_GENERATE_SYMBOLS = YES;
				SWIFT_COMPILATION_MODE = wholemodule;
				SWIFT_OPTIMIZATION_LEVEL = "-O";
				SWIFT_VERSION = 5.0;
			};
			name = Release;
		};
/* End XCBuildConfiguration section */

/* Begin XCConfigurationList section */
		301D432B6AB68D4E566E0788 /* Build configuration list for PBXNativeTarget "Seedling" */ = {
			isa = XCConfigurationList;
			buildConfigurations = (
				39EDC51FFF01C2127616E592 /* Debug */,
				766805A43A4D63DC0B17F7CA /* Release */,
			);
			defaultConfigurationIsVisible = 0;
			defaultConfigurationName = Debug;
		};
		E763945B421A9FD015F57C76 /* Build configuration list for PBXProject "Seedling" */ = {
			isa = XCConfigurationList;
			buildConfigurations = (
				1B2951C86A5E1E7092515DEA /* Debug */,
				D7A75257123EF6380F727840 /* Release */,
			);
			defaultConfigurationIsVisible = 0;
			defaultConfigurationName = Debug;
		};
/* End XCConfigurationList section */

/* Begin XCVersionGroup section */
		E5362B0D306B34628850E342 /* Seedling.xcdatamodeld */ = {
			isa = XCVersionGroup;
			children = (
				AF156E895C19A47A2A2BC0C7 /* Seedling.xcdatamodel */,
			);
			currentVersion = AF156E895C19A47A2A2BC0C7 /* Seedling.xcdatamodel */;
			path = Seedling.xcdatamodeld;
			sourceTree = "<group>";
			versionGroupType = wrapper.xcdatamodel;
		};
/* End XCVersionGroup section */
	};
	rootObject = 12BFE16D7FBF731884035F97 /* Project object */;
}
